PODS:
  - Capacitor (6.1.2):
    - CapacitorCordova
  - CapacitorCommunityStripe (6.2.1):
    - Capacitor
    - StripeApplePay (~> 23.32.0)
    - StripePaymentSheet (~> 23.32.0)
  - CapacitorCommunityStripeIdentity (6.2.1):
    - Capacitor
    - StripeIdentity (~> 23.32.0)
  - CapacitorCordova (6.1.2)
  - SimPROSoftwareStripeTerminal (6.3.3):
    - Capacitor
    - StripeTerminal (~> 4.0.0)
  - StripeApplePay (23.32.0):
    - StripeCore (= 23.32.0)
  - StripeCameraCore (23.32.0):
    - StripeCore (= 23.32.0)
  - StripeCore (23.32.0)
  - StripeIdentity (23.32.0):
    - StripeCameraCore (= 23.32.0)
    - StripeCore (= 23.32.0)
    - StripeUICore (= 23.32.0)
  - StripePayments (23.32.0):
    - StripeCore (= 23.32.0)
    - StripePayments/Stripe3DS2 (= 23.32.0)
  - StripePayments/Stripe3DS2 (23.32.0):
    - StripeCore (= 23.32.0)
  - StripePaymentSheet (23.32.0):
    - StripeApplePay (= 23.32.0)
    - StripeCore (= 23.32.0)
    - StripePayments (= 23.32.0)
    - StripePaymentsUI (= 23.32.0)
  - StripePaymentsUI (23.32.0):
    - StripeCore (= 23.32.0)
    - StripePayments (= 23.32.0)
    - StripeUICore (= 23.32.0)
  - StripeTerminal (4.0.0)
  - StripeUICore (23.32.0):
    - StripeCore (= 23.32.0)

DEPENDENCIES:
  - "Capacitor (from `../../node_modules/@capacitor/ios`)"
  - CapacitorCommunityStripe (from `../../../../packages/payment`)
  - CapacitorCommunityStripeIdentity (from `../../../../packages/identity`)
  - "CapacitorCordova (from `../../node_modules/@capacitor/ios`)"
  - SimPROSoftwareStripeTerminal (from `../../../../packages/terminal`)

SPEC REPOS:
  trunk:
    - StripeApplePay
    - StripeCameraCore
    - StripeCore
    - StripeIdentity
    - StripePayments
    - StripePaymentSheet
    - StripePaymentsUI
    - StripeTerminal
    - StripeUICore

EXTERNAL SOURCES:
  Capacitor:
    :path: "../../node_modules/@capacitor/ios"
  CapacitorCommunityStripe:
    :path: "../../../../packages/payment"
  CapacitorCommunityStripeIdentity:
    :path: "../../../../packages/identity"
  CapacitorCordova:
    :path: "../../node_modules/@capacitor/ios"
  SimPROSoftwareStripeTerminal:
    :path: "../../../../packages/terminal"

SPEC CHECKSUMS:
  Capacitor: 679f9673fdf30597493a6362a5d5bf233d46abc2
  CapacitorCommunityStripe: 029a530c26bbc805b855da11375d347fb5398835
  CapacitorCommunityStripeIdentity: 31f01cd07e07f9ff0b99dc4a80188b9518e8e12a
  CapacitorCordova: f48c89f96c319101cd2f0ce8a2b7449b5fb8b3dd
  SimPROSoftwareStripeTerminal: 50d81a334788637567750b882c29d3b78abc7264
  StripeApplePay: fd4aeaa8af1ebbfe5e38390ef7b4607f66494f80
  StripeCameraCore: 2f226573bc1a84deba61ded08e2d3f49b0bd5a7d
  StripeCore: 4999b0c234127b28b9e656caa558ba4406ce58b3
  StripeIdentity: 92c91321346fdda5033fcac8ec48b9edab2753c9
  StripePayments: a1260c9fecdb8640462c1fe70c4e2e17df2ab3a8
  StripePaymentSheet: 155d402ee01447002d23c982e905ce06e6d7ef66
  StripePaymentsUI: 2084d4398cb4869b13dd9eac43a00481476b152f
  StripeTerminal: b8a0f7bc10534eb060f676c9b3b813b2613a137b
  StripeUICore: 2c115cc8498f3badc19b4a41b3b1fdac0ae21d41

PODFILE CHECKSUM: 1e8ae4fb84544d70fee28fad8d714bed252620de

COCOAPODS: 1.16.2
